// !$*UTF8*$!
{
	archiveVersion = 1;
	classes = {
	};
	objectVersion = 56;
	objects = {

/* Begin PBXBuildFile section */
		63B0CF7B29AD2238007E29C8 /* MyCoffeeShopApp.swift in Sources */ = {isa = PBXBuildFile; fileRef = 63B0CF7A29AD2238007E29C8 /* MyCoffeeShopApp.swift */; };
		63B0CF7D29AD2238007E29C8 /* HomeView.swift in Sources */ = {isa = PBXBuildFile; fileRef = 63B0CF7C29AD2238007E29C8 /* HomeView.swift */; };
		63B0CF7F29AD2238007E29C8 /* Assets.xcassets in Resources */ = {isa = PBXBuildFile; fileRef = 63B0CF7E29AD2238007E29C8 /* Assets.xcassets */; };
		63B0CF8229AD2238007E29C8 /* Preview Assets.xcassets in Resources */ = {isa = PBXBuildFile; fileRef = 63B0CF8129AD2238007E29C8 /* Preview Assets.xcassets */; };
		63B0CF8F29AD237E007E29C8 /* AppTabView.swift in Sources */ = {isa = PBXBuildFile; fileRef = 63B0CF8E29AD237E007E29C8 /* AppTabView.swift */; };
		63B0CF9129AD23F9007E29C8 /* BasketView.swift in Sources */ = {isa = PBXBuildFile; fileRef = 63B0CF9029AD23F9007E29C8 /* BasketView.swift */; };
		63B0CF9329AD23FF007E29C8 /* AccountView.swift in Sources */ = {isa = PBXBuildFile; fileRef = 63B0CF9229AD23FF007E29C8 /* AccountView.swift */; };
		63B0CF9729AD24A0007E29C8 /* Drink.swift in Sources */ = {isa = PBXBuildFile; fileRef = 63B0CF9629AD24A0007E29C8 /* Drink.swift */; };
		63B0CF9929AD255C007E29C8 /* DummyData.swift in Sources */ = {isa = PBXBuildFile; fileRef = 63B0CF9829AD255C007E29C8 /* DummyData.swift */; };
		63B0CF9B29AD264A007E29C8 /* Basket.swift in Sources */ = {isa = PBXBuildFile; fileRef = 63B0CF9A29AD264A007E29C8 /* Basket.swift */; };
		63B0CF9D29AD2671007E29C8 /* Order.swift in Sources */ = {isa = PBXBuildFile; fileRef = 63B0CF9C29AD2670007E29C8 /* Order.swift */; };
		63B0CF9F29AD26BA007E29C8 /* User.swift in Sources */ = {isa = PBXBuildFile; fileRef = 63B0CF9E29AD26BA007E29C8 /* User.swift */; };
		63B0CFA229AD27AE007E29C8 /* HomeViewModel.swift in Sources */ = {isa = PBXBuildFile; fileRef = 63B0CFA129AD27AE007E29C8 /* HomeViewModel.swift */; };
		63B0CFA529AD28CD007E29C8 /* FirebaseRepository.swift in Sources */ = {isa = PBXBuildFile; fileRef = 63B0CFA429AD28CD007E29C8 /* FirebaseRepository.swift */; };
		63B0CFA729AD2DCB007E29C8 /* DrinkRow.swift in Sources */ = {isa = PBXBuildFile; fileRef = 63B0CFA629AD2DCB007E29C8 /* DrinkRow.swift */; };
		63B0CFAA29AD31F7007E29C8 /* CachedAsyncImage in Frameworks */ = {isa = PBXBuildFile; productRef = 63B0CFA929AD31F7007E29C8 /* CachedAsyncImage */; };
		63B0CFAD29AD322E007E29C8 /* RemoteImageView.swift in Sources */ = {isa = PBXBuildFile; fileRef = 63B0CFAC29AD322E007E29C8 /* RemoteImageView.swift */; };
		63B0CFAF29AD3447007E29C8 /* DrinkDetailView.swift in Sources */ = {isa = PBXBuildFile; fileRef = 63B0CFAE29AD3447007E29C8 /* DrinkDetailView.swift */; };
		63B0CFB129AD3913007E29C8 /* BasketViewModel.swift in Sources */ = {isa = PBXBuildFile; fileRef = 63B0CFB029AD3913007E29C8 /* BasketViewModel.swift */; };
		63B0CFB329AD3ED9007E29C8 /* EmptyBasketView.swift in Sources */ = {isa = PBXBuildFile; fileRef = 63B0CFB229AD3ED9007E29C8 /* EmptyBasketView.swift */; };
		63B0CFB529AD429C007E29C8 /* AccountViewModel.swift in Sources */ = {isa = PBXBuildFile; fileRef = 63B0CFB429AD429C007E29C8 /* AccountViewModel.swift */; };
		63B0CFB829AD44B5007E29C8 /* KeychainAccess in Frameworks */ = {isa = PBXBuildFile; productRef = 63B0CFB729AD44B5007E29C8 /* KeychainAccess */; };
		63B0CFBB29AD44E2007E29C8 /* SecureStorage.swift in Sources */ = {isa = PBXBuildFile; fileRef = 63B0CFBA29AD44E2007E29C8 /* SecureStorage.swift */; };
		63B0CFBD29AD460F007E29C8 /* UserRepository.swift in Sources */ = {isa = PBXBuildFile; fileRef = 63B0CFBC29AD460F007E29C8 /* UserRepository.swift */; };
		63B0CFC229AD4E06007E29C8 /* GoogleService-Info.plist in Resources */ = {isa = PBXBuildFile; fileRef = 63B0CFC129AD4E06007E29C8 /* GoogleService-Info.plist */; };
		63B0CFC429AD4F67007E29C8 /* FCollectionReference.swift in Sources */ = {isa = PBXBuildFile; fileRef = 63B0CFC329AD4F67007E29C8 /* FCollectionReference.swift */; };
		63B0CFC729AD51DF007E29C8 /* FirebaseFirestore in Frameworks */ = {isa = PBXBuildFile; productRef = 63B0CFC629AD51DF007E29C8 /* FirebaseFirestore */; };
		63B0CFC929AD51DF007E29C8 /* FirebaseFirestoreSwift in Frameworks */ = {isa = PBXBuildFile; productRef = 63B0CFC829AD51DF007E29C8 /* FirebaseFirestoreSwift */; };
		63B0CFCB29AD5621007E29C8 /* AppError.swift in Sources */ = {isa = PBXBuildFile; fileRef = 63B0CFCA29AD5621007E29C8 /* AppError.swift */; };
/* End PBXBuildFile section */

/* Begin PBXFileReference section */
		63B0CF7729AD2238007E29C8 /* MyCoffeeShop.app */ = {isa = PBXFileReference; explicitFileType = wrapper.application; includeInIndex = 0; path = MyCoffeeShop.app; sourceTree = BUILT_PRODUCTS_DIR; };
		63B0CF7A29AD2238007E29C8 /* MyCoffeeShopApp.swift */ = {isa = PBXFileReference; lastKnownFileType = sourcecode.swift; path = MyCoffeeShopApp.swift; sourceTree = "<group>"; };
		63B0CF7C29AD2238007E29C8 /* HomeView.swift */ = {isa = PBXFileReference; lastKnownFileType = sourcecode.swift; path = HomeView.swift; sourceTree = "<group>"; };
		63B0CF7E29AD2238007E29C8 /* Assets.xcassets */ = {isa = PBXFileReference; lastKnownFileType = folder.assetcatalog; path = Assets.xcassets; sourceTree = "<group>"; };
		63B0CF8129AD2238007E29C8 /* Preview Assets.xcassets */ = {isa = PBXFileReference; lastKnownFileType = folder.assetcatalog; path = "Preview Assets.xcassets"; sourceTree = "<group>"; };
		63B0CF8E29AD237E007E29C8 /* AppTabView.swift */ = {isa = PBXFileReference; lastKnownFileType = sourcecode.swift; path = AppTabView.swift; sourceTree = "<group>"; };
		63B0CF9029AD23F9007E29C8 /* BasketView.swift */ = {isa = PBXFileReference; lastKnownFileType = sourcecode.swift; path = BasketView.swift; sourceTree = "<group>"; };
		63B0CF9229AD23FF007E29C8 /* AccountView.swift */ = {isa = PBXFileReference; lastKnownFileType = sourcecode.swift; path = AccountView.swift; sourceTree = "<group>"; };
		63B0CF9629AD24A0007E29C8 /* Drink.swift */ = {isa = PBXFileReference; lastKnownFileType = sourcecode.swift; path = Drink.swift; sourceTree = "<group>"; };
		63B0CF9829AD255C007E29C8 /* DummyData.swift */ = {isa = PBXFileReference; lastKnownFileType = sourcecode.swift; path = DummyData.swift; sourceTree = "<group>"; };
		63B0CF9A29AD264A007E29C8 /* Basket.swift */ = {isa = PBXFileReference; lastKnownFileType = sourcecode.swift; path = Basket.swift; sourceTree = "<group>"; };
		63B0CF9C29AD2670007E29C8 /* Order.swift */ = {isa = PBXFileReference; lastKnownFileType = sourcecode.swift; path = Order.swift; sourceTree = "<group>"; };
		63B0CF9E29AD26BA007E29C8 /* User.swift */ = {isa = PBXFileReference; lastKnownFileType = sourcecode.swift; path = User.swift; sourceTree = "<group>"; };
		63B0CFA129AD27AE007E29C8 /* HomeViewModel.swift */ = {isa = PBXFileReference; lastKnownFileType = sourcecode.swift; path = HomeViewModel.swift; sourceTree = "<group>"; };
		63B0CFA429AD28CD007E29C8 /* FirebaseRepository.swift */ = {isa = PBXFileReference; lastKnownFileType = sourcecode.swift; path = FirebaseRepository.swift; sourceTree = "<group>"; };
		63B0CFA629AD2DCB007E29C8 /* DrinkRow.swift */ = {isa = PBXFileReference; lastKnownFileType = sourcecode.swift; path = DrinkRow.swift; sourceTree = "<group>"; };
		63B0CFAC29AD322E007E29C8 /* RemoteImageView.swift */ = {isa = PBXFileReference; lastKnownFileType = sourcecode.swift; path = RemoteImageView.swift; sourceTree = "<group>"; };
		63B0CFAE29AD3447007E29C8 /* DrinkDetailView.swift */ = {isa = PBXFileReference; lastKnownFileType = sourcecode.swift; path = DrinkDetailView.swift; sourceTree = "<group>"; };
		63B0CFB029AD3913007E29C8 /* BasketViewModel.swift */ = {isa = PBXFileReference; lastKnownFileType = sourcecode.swift; path = BasketViewModel.swift; sourceTree = "<group>"; };
		63B0CFB229AD3ED9007E29C8 /* EmptyBasketView.swift */ = {isa = PBXFileReference; lastKnownFileType = sourcecode.swift; path = EmptyBasketView.swift; sourceTree = "<group>"; };
		63B0CFB429AD429C007E29C8 /* AccountViewModel.swift */ = {isa = PBXFileReference; lastKnownFileType = sourcecode.swift; path = AccountViewModel.swift; sourceTree = "<group>"; };
		63B0CFBA29AD44E2007E29C8 /* SecureStorage.swift */ = {isa = PBXFileReference; lastKnownFileType = sourcecode.swift; path = SecureStorage.swift; sourceTree = "<group>"; };
		63B0CFBC29AD460F007E29C8 /* UserRepository.swift */ = {isa = PBXFileReference; lastKnownFileType = sourcecode.swift; path = UserRepository.swift; sourceTree = "<group>"; };
		63B0CFC129AD4E06007E29C8 /* GoogleService-Info.plist */ = {isa = PBXFileReference; fileEncoding = 4; lastKnownFileType = text.plist.xml; path = "GoogleService-Info.plist"; sourceTree = "<group>"; };
		63B0CFC329AD4F67007E29C8 /* FCollectionReference.swift */ = {isa = PBXFileReference; lastKnownFileType = sourcecode.swift; path = FCollectionReference.swift; sourceTree = "<group>"; };
		63B0CFCA29AD5621007E29C8 /* AppError.swift */ = {isa = PBXFileReference; lastKnownFileType = sourcecode.swift; path = AppError.swift; sourceTree = "<group>"; };
/* End PBXFileReference section */

/* Begin PBXFrameworksBuildPhase section */
		63B0CF7429AD2238007E29C8 /* Frameworks */ = {
			isa = PBXFrameworksBuildPhase;
			buildActionMask = 2147483647;
			files = (
				63B0CFB829AD44B5007E29C8 /* KeychainAccess in Frameworks */,
				63B0CFAA29AD31F7007E29C8 /* CachedAsyncImage in Frameworks */,
				63B0CFC729AD51DF007E29C8 /* FirebaseFirestore in Frameworks */,
				63B0CFC929AD51DF007E29C8 /* FirebaseFirestoreSwift in Frameworks */,
			);
			runOnlyForDeploymentPostprocessing = 0;
		};
/* End PBXFrameworksBuildPhase section */

/* Begin PBXGroup section */
		63B0CF6E29AD2238007E29C8 = {
			isa = PBXGroup;
			children = (
				63B0CF7929AD2238007E29C8 /* MyCoffeeShop */,
				63B0CF7829AD2238007E29C8 /* Products */,
			);
			sourceTree = "<group>";
		};
		63B0CF7829AD2238007E29C8 /* Products */ = {
			isa = PBXGroup;
			children = (
				63B0CF7729AD2238007E29C8 /* MyCoffeeShop.app */,
			);
			name = Products;
			sourceTree = "<group>";
		};
		63B0CF7929AD2238007E29C8 /* MyCoffeeShop */ = {
			isa = PBXGroup;
			children = (
				63B0CF7A29AD2238007E29C8 /* MyCoffeeShopApp.swift */,
				63B0CFC129AD4E06007E29C8 /* GoogleService-Info.plist */,
				63B0CFA329AD28BE007E29C8 /* Networking */,
				63B0CFA029AD27A0007E29C8 /* Domain */,
				63B0CF9429AD247F007E29C8 /* Presentation */,
				63B0CF9529AD248F007E29C8 /* Model */,
				63B0CFB929AD44D1007E29C8 /* Utils */,
				63B0CF7E29AD2238007E29C8 /* Assets.xcassets */,
				63B0CF8029AD2238007E29C8 /* Preview Content */,
			);
			path = MyCoffeeShop;
			sourceTree = "<group>";
		};
		63B0CF8029AD2238007E29C8 /* Preview Content */ = {
			isa = PBXGroup;
			children = (
				63B0CF8129AD2238007E29C8 /* Preview Assets.xcassets */,
			);
			path = "Preview Content";
			sourceTree = "<group>";
		};
		63B0CF9429AD247F007E29C8 /* Presentation */ = {
			isa = PBXGroup;
			children = (
				63B0CF7C29AD2238007E29C8 /* HomeView.swift */,
				63B0CF9029AD23F9007E29C8 /* BasketView.swift */,
				63B0CF9229AD23FF007E29C8 /* AccountView.swift */,
				63B0CFAE29AD3447007E29C8 /* DrinkDetailView.swift */,
				63B0CF8E29AD237E007E29C8 /* AppTabView.swift */,
				63B0CFAB29AD3206007E29C8 /* ViewComponents */,
			);
			path = Presentation;
			sourceTree = "<group>";
		};
		63B0CF9529AD248F007E29C8 /* Model */ = {
			isa = PBXGroup;
			children = (
				63B0CF9629AD24A0007E29C8 /* Drink.swift */,
				63B0CF9A29AD264A007E29C8 /* Basket.swift */,
				63B0CF9C29AD2670007E29C8 /* Order.swift */,
				63B0CF9E29AD26BA007E29C8 /* User.swift */,
				63B0CF9829AD255C007E29C8 /* DummyData.swift */,
				63B0CFCA29AD5621007E29C8 /* AppError.swift */,
			);
			path = Model;
			sourceTree = "<group>";
		};
		63B0CFA029AD27A0007E29C8 /* Domain */ = {
			isa = PBXGroup;
			children = (
				63B0CFA129AD27AE007E29C8 /* HomeViewModel.swift */,
				63B0CFB029AD3913007E29C8 /* BasketViewModel.swift */,
				63B0CFB429AD429C007E29C8 /* AccountViewModel.swift */,
			);
			path = Domain;
			sourceTree = "<group>";
		};
		63B0CFA329AD28BE007E29C8 /* Networking */ = {
			isa = PBXGroup;
			children = (
				63B0CFA429AD28CD007E29C8 /* FirebaseRepository.swift */,
				63B0CFC329AD4F67007E29C8 /* FCollectionReference.swift */,
			);
			path = Networking;
			sourceTree = "<group>";
		};
		63B0CFAB29AD3206007E29C8 /* ViewComponents */ = {
			isa = PBXGroup;
			children = (
				63B0CFA629AD2DCB007E29C8 /* DrinkRow.swift */,
				63B0CFAC29AD322E007E29C8 /* RemoteImageView.swift */,
				63B0CFB229AD3ED9007E29C8 /* EmptyBasketView.swift */,
			);
			path = ViewComponents;
			sourceTree = "<group>";
		};
		63B0CFB929AD44D1007E29C8 /* Utils */ = {
			isa = PBXGroup;
			children = (
				63B0CFBA29AD44E2007E29C8 /* SecureStorage.swift */,
				63B0CFBC29AD460F007E29C8 /* UserRepository.swift */,
			);
			path = Utils;
			sourceTree = "<group>";
		};
/* End PBXGroup section */

/* Begin PBXNativeTarget section */
		63B0CF7629AD2238007E29C8 /* MyCoffeeShop */ = {
			isa = PBXNativeTarget;
			buildConfigurationList = 63B0CF8529AD2238007E29C8 /* Build configuration list for PBXNativeTarget "MyCoffeeShop" */;
			buildPhases = (
				63B0CF7329AD2238007E29C8 /* Sources */,
				63B0CF7429AD2238007E29C8 /* Frameworks */,
				63B0CF7529AD2238007E29C8 /* Resources */,
			);
			buildRules = (
			);
			dependencies = (
			);
			name = MyCoffeeShop;
			packageProductDependencies = (
				63B0CFA929AD31F7007E29C8 /* CachedAsyncImage */,
				63B0CFB729AD44B5007E29C8 /* KeychainAccess */,
				63B0CFC629AD51DF007E29C8 /* FirebaseFirestore */,
				63B0CFC829AD51DF007E29C8 /* FirebaseFirestoreSwift */,
			);
			productName = MyCoffeeShop;
			productReference = 63B0CF7729AD2238007E29C8 /* MyCoffeeShop.app */;
			productType = "com.apple.product-type.application";
		};
/* End PBXNativeTarget section */

/* Begin PBXProject section */
		63B0CF6F29AD2238007E29C8 /* Project object */ = {
			isa = PBXProject;
			attributes = {
				BuildIndependentTargetsInParallel = 1;
				LastSwiftUpdateCheck = 1420;
				LastUpgradeCheck = 1420;
				TargetAttributes = {
					63B0CF7629AD2238007E29C8 = {
						CreatedOnToolsVersion = 14.2;
					};
				};
			};
			buildConfigurationList = 63B0CF7229AD2238007E29C8 /* Build configuration list for PBXProject "MyCoffeeShop" */;
			compatibilityVersion = "Xcode 14.0";
			developmentRegion = en;
			hasScannedForEncodings = 0;
			knownRegions = (
				en,
				Base,
			);
			mainGroup = 63B0CF6E29AD2238007E29C8;
			packageReferences = (
				63B0CFA829AD31F7007E29C8 /* XCRemoteSwiftPackageReference "swiftui-cached-async-image" */,
				63B0CFB629AD44B5007E29C8 /* XCRemoteSwiftPackageReference "KeychainAccess" */,
				63B0CFC529AD51DF007E29C8 /* XCRemoteSwiftPackageReference "firebase-ios-sdk" */,
			);
			productRefGroup = 63B0CF7829AD2238007E29C8 /* Products */;
			projectDirPath = "";
			projectRoot = "";
			targets = (
				63B0CF7629AD2238007E29C8 /* MyCoffeeShop */,
			);
		};
/* End PBXProject section */

/* Begin PBXResourcesBuildPhase section */
		63B0CF7529AD2238007E29C8 /* Resources */ = {
			isa = PBXResourcesBuildPhase;
			buildActionMask = 2147483647;
			files = (
				63B0CF8229AD2238007E29C8 /* Preview Assets.xcassets in Resources */,
				63B0CF7F29AD2238007E29C8 /* Assets.xcassets in Resources */,
				63B0CFC229AD4E06007E29C8 /* GoogleService-Info.plist in Resources */,
			);
			runOnlyForDeploymentPostprocessing = 0;
		};
/* End PBXResourcesBuildPhase section */

/* Begin PBXSourcesBuildPhase section */
		63B0CF7329AD2238007E29C8 /* Sources */ = {
			isa = PBXSourcesBuildPhase;
			buildActionMask = 2147483647;
			files = (
				63B0CF9129AD23F9007E29C8 /* BasketView.swift in Sources */,
				63B0CFA229AD27AE007E29C8 /* HomeViewModel.swift in Sources */,
				63B0CF9B29AD264A007E29C8 /* Basket.swift in Sources */,
				63B0CF8F29AD237E007E29C8 /* AppTabView.swift in Sources */,
				63B0CFB529AD429C007E29C8 /* AccountViewModel.swift in Sources */,
				63B0CF9D29AD2671007E29C8 /* Order.swift in Sources */,
				63B0CF7D29AD2238007E29C8 /* HomeView.swift in Sources */,
				63B0CFB129AD3913007E29C8 /* BasketViewModel.swift in Sources */,
				63B0CFCB29AD5621007E29C8 /* AppError.swift in Sources */,
				63B0CFB329AD3ED9007E29C8 /* EmptyBasketView.swift in Sources */,
				63B0CFAD29AD322E007E29C8 /* RemoteImageView.swift in Sources */,
				63B0CF9929AD255C007E29C8 /* DummyData.swift in Sources */,
				63B0CFA729AD2DCB007E29C8 /* DrinkRow.swift in Sources */,
				63B0CFC429AD4F67007E29C8 /* FCollectionReference.swift in Sources */,
				63B0CF7B29AD2238007E29C8 /* MyCoffeeShopApp.swift in Sources */,
				63B0CFAF29AD3447007E29C8 /* DrinkDetailView.swift in Sources */,
				63B0CFA529AD28CD007E29C8 /* FirebaseRepository.swift in Sources */,
				63B0CFBB29AD44E2007E29C8 /* SecureStorage.swift in Sources */,
				63B0CF9729AD24A0007E29C8 /* Drink.swift in Sources */,
				63B0CF9F29AD26BA007E29C8 /* User.swift in Sources */,
				63B0CFBD29AD460F007E29C8 /* UserRepository.swift in Sources */,
				63B0CF9329AD23FF007E29C8 /* AccountView.swift in Sources */,
			);
			runOnlyForDeploymentPostprocessing = 0;
		};
/* End PBXSourcesBuildPhase section */

/* Begin XCBuildConfiguration section */
		63B0CF8329AD2238007E29C8 /* Debug */ = {
			isa = XCBuildConfiguration;
			buildSettings = {
				ALWAYS_SEARCH_USER_PATHS = NO;
				CLANG_ANALYZER_NONNULL = YES;
				CLANG_ANALYZER_NUMBER_OBJECT_CONVERSION = YES_AGGRESSIVE;
				CLANG_CXX_LANGUAGE_STANDARD = "gnu++20";
				CLANG_ENABLE_MODULES = YES;
				CLANG_ENABLE_OBJC_ARC = YES;
				CLANG_ENABLE_OBJC_WEAK = YES;
				CLANG_WARN_BLOCK_CAPTURE_AUTORELEASING = YES;
				CLANG_WARN_BOOL_CONVERSION = YES;
				CLANG_WARN_COMMA = YES;
				CLANG_WARN_CONSTANT_CONVERSION = YES;
				CLANG_WARN_DEPRECATED_OBJC_IMPLEMENTATIONS = YES;
				CLANG_WARN_DIRECT_OBJC_ISA_USAGE = YES_ERROR;
				CLANG_WARN_DOCUMENTATION_COMMENTS = YES;
				CLANG_WARN_EMPTY_BODY = YES;
				CLANG_WARN_ENUM_CONVERSION = YES;
				CLANG_WARN_INFINITE_RECURSION = YES;
				CLANG_WARN_INT_CONVERSION = YES;
				CLANG_WARN_NON_LITERAL_NULL_CONVERSION = YES;
				CLANG_WARN_OBJC_IMPLICIT_RETAIN_SELF = YES;
				CLANG_WARN_OBJC_LITERAL_CONVERSION = YES;
				CLANG_WARN_OBJC_ROOT_CLASS = YES_ERROR;
				CLANG_WARN_QUOTED_INCLUDE_IN_FRAMEWORK_HEADER = YES;
				CLANG_WARN_RANGE_LOOP_ANALYSIS = YES;
				CLANG_WARN_STRICT_PROTOTYPES = YES;
				CLANG_WARN_SUSPICIOUS_MOVE = YES;
				CLANG_WARN_UNGUARDED_AVAILABILITY = YES_AGGRESSIVE;
				CLANG_WARN_UNREACHABLE_CODE = YES;
				CLANG_WARN__DUPLICATE_METHOD_MATCH = YES;
				COPY_PHASE_STRIP = NO;
				DEBUG_INFORMATION_FORMAT = dwarf;
				ENABLE_STRICT_OBJC_MSGSEND = YES;
				ENABLE_TESTABILITY = YES;
				GCC_C_LANGUAGE_STANDARD = gnu11;
				GCC_DYNAMIC_NO_PIC = NO;
				GCC_NO_COMMON_BLOCKS = YES;
				GCC_OPTIMIZATION_LEVEL = 0;
				GCC_PREPROCESSOR_DEFINITIONS = (
					"DEBUG=1",
					"$(inherited)",
				);
				GCC_WARN_64_TO_32_BIT_CONVERSION = YES;
				GCC_WARN_ABOUT_RETURN_TYPE = YES_ERROR;
				GCC_WARN_UNDECLARED_SELECTOR = YES;
				GCC_WARN_UNINITIALIZED_AUTOS = YES_AGGRESSIVE;
				GCC_WARN_UNUSED_FUNCTION = YES;
				GCC_WARN_UNUSED_VARIABLE = YES;
				IPHONEOS_DEPLOYMENT_TARGET = 16.2;
				MTL_ENABLE_DEBUG_INFO = INCLUDE_SOURCE;
				MTL_FAST_MATH = YES;
				ONLY_ACTIVE_ARCH = YES;
				SDKROOT = iphoneos;
				SWIFT_ACTIVE_COMPILATION_CONDITIONS = DEBUG;
				SWIFT_OPTIMIZATION_LEVEL = "-Onone";
			};
			name = Debug;
		};
		63B0CF8429AD2238007E29C8 /* Release */ = {
			isa = XCBuildConfiguration;
			buildSettings = {
				ALWAYS_SEARCH_USER_PATHS = NO;
				CLANG_ANALYZER_NONNULL = YES;
				CLANG_ANALYZER_NUMBER_OBJECT_CONVERSION = YES_AGGRESSIVE;
				CLANG_CXX_LANGUAGE_STANDARD = "gnu++20";
				CLANG_ENABLE_MODULES = YES;
				CLANG_ENABLE_OBJC_ARC = YES;
				CLANG_ENABLE_OBJC_WEAK = YES;
				CLANG_WARN_BLOCK_CAPTURE_AUTORELEASING = YES;
				CLANG_WARN_BOOL_CONVERSION = YES;
				CLANG_WARN_COMMA = YES;
				CLANG_WARN_CONSTANT_CONVERSION = YES;
				CLANG_WARN_DEPRECATED_OBJC_IMPLEMENTATIONS = YES;
				CLANG_WARN_DIRECT_OBJC_ISA_USAGE = YES_ERROR;
				CLANG_WARN_DOCUMENTATION_COMMENTS = YES;
				CLANG_WARN_EMPTY_BODY = YES;
				CLANG_WARN_ENUM_CONVERSION = YES;
				CLANG_WARN_INFINITE_RECURSION = YES;
				CLANG_WARN_INT_CONVERSION = YES;
				CLANG_WARN_NON_LITERAL_NULL_CONVERSION = YES;
				CLANG_WARN_OBJC_IMPLICIT_RETAIN_SELF = YES;
				CLANG_WARN_OBJC_LITERAL_CONVERSION = YES;
				CLANG_WARN_OBJC_ROOT_CLASS = YES_ERROR;
				CLANG_WARN_QUOTED_INCLUDE_IN_FRAMEWORK_HEADER = YES;
				CLANG_WARN_RANGE_LOOP_ANALYSIS = YES;
				CLANG_WARN_STRICT_PROTOTYPES = YES;
				CLANG_WARN_SUSPICIOUS_MOVE = YES;
				CLANG_WARN_UNGUARDED_AVAILABILITY = YES_AGGRESSIVE;
				CLANG_WARN_UNREACHABLE_CODE = YES;
				CLANG_WARN__DUPLICATE_METHOD_MATCH = YES;
				COPY_PHASE_STRIP = NO;
				DEBUG_INFORMATION_FORMAT = "dwarf-with-dsym";
				ENABLE_NS_ASSERTIONS = NO;
				ENABLE_STRICT_OBJC_MSGSEND = YES;
				GCC_C_LANGUAGE_STANDARD = gnu11;
				GCC_NO_COMMON_BLOCKS = YES;
				GCC_WARN_64_TO_32_BIT_CONVERSION = YES;
				GCC_WARN_ABOUT_RETURN_TYPE = YES_ERROR;
				GCC_WARN_UNDECLARED_SELECTOR = YES;
				GCC_WARN_UNINITIALIZED_AUTOS = YES_AGGRESSIVE;
				GCC_WARN_UNUSED_FUNCTION = YES;
				GCC_WARN_UNUSED_VARIABLE = YES;
				IPHONEOS_DEPLOYMENT_TARGET = 16.2;
				MTL_ENABLE_DEBUG_INFO = NO;
				MTL_FAST_MATH = YES;
				SDKROOT = iphoneos;
				SWIFT_COMPILATION_MODE = wholemodule;
				SWIFT_OPTIMIZATION_LEVEL = "-O";
				VALIDATE_PRODUCT = YES;
			};
			name = Release;
		};
		63B0CF8629AD2238007E29C8 /* Debug */ = {
			isa = XCBuildConfiguration;
			buildSettings = {
				ASSETCATALOG_COMPILER_APPICON_NAME = AppIcon;
				ASSETCATALOG_COMPILER_GLOBAL_ACCENT_COLOR_NAME = AccentColor;
				CODE_SIGN_STYLE = Automatic;
				CURRENT_PROJECT_VERSION = 1;
				DEVELOPMENT_ASSET_PATHS = "\"MyCoffeeShop/Preview Content\"";
				DEVELOPMENT_TEAM = 7P6AJEE272;
				ENABLE_PREVIEWS = YES;
				GENERATE_INFOPLIST_FILE = YES;
				INFOPLIST_KEY_UIApplicationSceneManifest_Generation = YES;
				INFOPLIST_KEY_UIApplicationSupportsIndirectInputEvents = YES;
				INFOPLIST_KEY_UILaunchScreen_Generation = YES;
				INFOPLIST_KEY_UISupportedInterfaceOrientations_iPad = "UIInterfaceOrientationPortrait UIInterfaceOrientationPortraitUpsideDown UIInterfaceOrientationLandscapeLeft UIInterfaceOrientationLandscapeRight";
				INFOPLIST_KEY_UISupportedInterfaceOrientations_iPhone = "UIInterfaceOrientationPortrait UIInterfaceOrientationLandscapeLeft UIInterfaceOrientationLandscapeRight";
				LD_RUNPATH_SEARCH_PATHS = (
					"$(inherited)",
					"@executable_path/Frameworks",
				);
				MARKETING_VERSION = 1.0;
				PRODUCT_BUNDLE_IDENTIFIER = com.iosdevschool.MyCoffeeShop;
				PRODUCT_NAME = "$(TARGET_NAME)";
				SWIFT_EMIT_LOC_STRINGS = YES;
				SWIFT_VERSION = 5.0;
				TARGETED_DEVICE_FAMILY = "1,2";
			};
			name = Debug;
		};
		63B0CF8729AD2238007E29C8 /* Release */ = {
			isa = XCBuildConfiguration;
			buildSettings = {
				ASSETCATALOG_COMPILER_APPICON_NAME = AppIcon;
				ASSETCATALOG_COMPILER_GLOBAL_ACCENT_COLOR_NAME = AccentColor;
				CODE_SIGN_STYLE = Automatic;
				CURRENT_PROJECT_VERSION = 1;
				DEVELOPMENT_ASSET_PATHS = "\"MyCoffeeShop/Preview Content\"";
				DEVELOPMENT_TEAM = 7P6AJEE272;
				ENABLE_PREVIEWS = YES;
				GENERATE_INFOPLIST_FILE = YES;
				INFOPLIST_KEY_UIApplicationSceneManifest_Generation = YES;
				INFOPLIST_KEY_UIApplicationSupportsIndirectInputEvents = YES;
				INFOPLIST_KEY_UILaunchScreen_Generation = YES;
				INFOPLIST_KEY_UISupportedInterfaceOrientations_iPad = "UIInterfaceOrientationPortrait UIInterfaceOrientationPortraitUpsideDown UIInterfaceOrientationLandscapeLeft UIInterfaceOrientationLandscapeRight";
				INFOPLIST_KEY_UISupportedInterfaceOrientations_iPhone = "UIInterfaceOrientationPortrait UIInterfaceOrientationLandscapeLeft UIInterfaceOrientationLandscapeRight";
				LD_RUNPATH_SEARCH_PATHS = (
					"$(inherited)",
					"@executable_path/Frameworks",
				);
				MARKETING_VERSION = 1.0;
				PRODUCT_BUNDLE_IDENTIFIER = com.iosdevschool.MyCoffeeShop;
				PRODUCT_NAME = "$(TARGET_NAME)";
				SWIFT_EMIT_LOC_STRINGS = YES;
				SWIFT_VERSION = 5.0;
				TARGETED_DEVICE_FAMILY = "1,2";
			};
			name = Release;
		};
/* End XCBuildConfiguration section */

/* Begin XCConfigurationList section */
		63B0CF7229AD2238007E29C8 /* Build configuration list for PBXProject "MyCoffeeShop" */ = {
			isa = XCConfigurationList;
			buildConfigurations = (
				63B0CF8329AD2238007E29C8 /* Debug */,
				63B0CF8429AD2238007E29C8 /* Release */,
			);
			defaultConfigurationIsVisible = 0;
			defaultConfigurationName = Release;
		};
		63B0CF8529AD2238007E29C8 /* Build configuration list for PBXNativeTarget "MyCoffeeShop" */ = {
			isa = XCConfigurationList;
			buildConfigurations = (
				63B0CF8629AD2238007E29C8 /* Debug */,
				63B0CF8729AD2238007E29C8 /* Release */,
			);
			defaultConfigurationIsVisible = 0;
			defaultConfigurationName = Release;
		};
/* End XCConfigurationList section */

/* Begin XCRemoteSwiftPackageReference section */
		63B0CFA829AD31F7007E29C8 /* XCRemoteSwiftPackageReference "swiftui-cached-async-image" */ = {
			isa = XCRemoteSwiftPackageReference;
			repositoryURL = "https://github.com/lorenzofiamingo/swiftui-cached-async-image";
			requirement = {
				kind = upToNextMajorVersion;
				minimumVersion = 2.0.0;
			};
		};
		63B0CFB629AD44B5007E29C8 /* XCRemoteSwiftPackageReference "KeychainAccess" */ = {
			isa = XCRemoteSwiftPackageReference;
			repositoryURL = "https://github.com/kishikawakatsumi/KeychainAccess";
			requirement = {
				branch = master;
				kind = branch;
			};
		};
		63B0CFC529AD51DF007E29C8 /* XCRemoteSwiftPackageReference "firebase-ios-sdk" */ = {
			isa = XCRemoteSwiftPackageReference;
			repositoryURL = "https://github.com/firebase/firebase-ios-sdk.git";
			requirement = {
				kind = upToNextMajorVersion;
				minimumVersion = 9.0.0;
			};
		};
/* End XCRemoteSwiftPackageReference section */

/* Begin XCSwiftPackageProductDependency section */
		63B0CFA929AD31F7007E29C8 /* CachedAsyncImage */ = {
			isa = XCSwiftPackageProductDependency;
			package = 63B0CFA829AD31F7007E29C8 /* XCRemoteSwiftPackageReference "swiftui-cached-async-image" */;
			productName = CachedAsyncImage;
		};
		63B0CFB729AD44B5007E29C8 /* KeychainAccess */ = {
			isa = XCSwiftPackageProductDependency;
			package = 63B0CFB629AD44B5007E29C8 /* XCRemoteSwiftPackageReference "KeychainAccess" */;
			productName = KeychainAccess;
		};
		63B0CFC629AD51DF007E29C8 /* FirebaseFirestore */ = {
			isa = XCSwiftPackageProductDependency;
			package = 63B0CFC529AD51DF007E29C8 /* XCRemoteSwiftPackageReference "firebase-ios-sdk" */;
			productName = FirebaseFirestore;
		};
		63B0CFC829AD51DF007E29C8 /* FirebaseFirestoreSwift */ = {
			isa = XCSwiftPackageProductDependency;
			package = 63B0CFC529AD51DF007E29C8 /* XCRemoteSwiftPackageReference "firebase-ios-sdk" */;
			productName = FirebaseFirestoreSwift;
		};
/* End XCSwiftPackageProductDependency section */
	};
	rootObject = 63B0CF6F29AD2238007E29C8 /* Project object */;
}
